
Microsoft Visual Studio Solution File, Format Version 12.00
# Visual Studio 15
VisualStudioVersion = 15.0.28010.2003
MinimumVisualStudioVersion = 10.0.40219.1
Project("{9A19103F-16F7-4668-BE54-9A1E7A4F7556}") = "DriverServices", "DriverServices\DriverServices.csproj", "{1C277BCF-54E6-45A2-8DEC-DFFF6B422D13}"
EndProject
Project("{FAE04EC0-301F-11D3-BF4B-00C04F79EFBC}") = "WebUI", "WebUI\WebUI.csproj", "{6084C64A-433B-4CB1-A8EE-B32D38ABFA7E}"
EndProject
Project("{E24C65DC-7377-472B-9ABA-BC803B73C61A}") = "weui-wxss", "..\WeiUI\weui-wxss", "{03474816-F148-4B01-AD2C-9CC883C80EBF}"
	ProjectSection(WebsiteProperties) = preProject
		TargetFrameworkMoniker = ".NETFramework,Version%3Dv4.0"
		Debug.AspNetCompiler.VirtualPath = "/localhost_23807"
		Debug.AspNetCompiler.PhysicalPath = "..\WeiUI\weui-wxss\"
		Debug.AspNetCompiler.TargetPath = "PrecompiledWeb\localhost_23807\"
		Debug.AspNetCompiler.Updateable = "true"
		Debug.AspNetCompiler.ForceOverwrite = "true"
		Debug.AspNetCompiler.FixedNames = "false"
		Debug.AspNetCompiler.Debug = "True"
		Release.AspNetCompiler.VirtualPath = "/localhost_23807"
		Release.AspNetCompiler.PhysicalPath = "..\WeiUI\weui-wxss\"
		Release.AspNetCompiler.TargetPath = "PrecompiledWeb\localhost_23807\"
		Release.AspNetCompiler.Updateable = "true"
		Release.AspNetCompiler.ForceOverwrite = "true"
		Release.AspNetCompiler.FixedNames = "false"
		Release.AspNetCompiler.Debug = "False"
		VWDPort = "23807"
	EndProjectSection
EndProject
Global
	GlobalSection(SolutionConfigurationPlatforms) = preSolution
		Debug|Any CPU = Debug|Any CPU
		Release|Any CPU = Release|Any CPU
	EndGlobalSection
	GlobalSection(ProjectConfigurationPlatforms) = postSolution
		{1C277BCF-54E6-45A2-8DEC-DFFF6B422D13}.Debug|Any CPU.ActiveCfg = Debug|Any CPU
		{1C277BCF-54E6-45A2-8DEC-DFFF6B422D13}.Debug|Any CPU.Build.0 = Debug|Any CPU
		{1C277BCF-54E6-45A2-8DEC-DFFF6B422D13}.Release|Any CPU.ActiveCfg = Release|Any CPU
		{1C277BCF-54E6-45A2-8DEC-DFFF6B422D13}.Release|Any CPU.Build.0 = Release|Any CPU
		{6084C64A-433B-4CB1-A8EE-B32D38ABFA7E}.Debug|Any CPU.ActiveCfg = Debug|Any CPU
		{6084C64A-433B-4CB1-A8EE-B32D38ABFA7E}.Debug|Any CPU.Build.0 = Debug|Any CPU
		{6084C64A-433B-4CB1-A8EE-B32D38ABFA7E}.Release|Any CPU.ActiveCfg = Release|Any CPU
		{6084C64A-433B-4CB1-A8EE-B32D38ABFA7E}.Release|Any CPU.Build.0 = Release|Any CPU
		{03474816-F148-4B01-AD2C-9CC883C80EBF}.Debug|Any CPU.ActiveCfg = Debug|Any CPU
		{03474816-F148-4B01-AD2C-9CC883C80EBF}.Debug|Any CPU.Build.0 = Debug|Any CPU
		{03474816-F148-4B01-AD2C-9CC883C80EBF}.Release|Any CPU.ActiveCfg = Debug|Any CPU
		{03474816-F148-4B01-AD2C-9CC883C80EBF}.Release|Any CPU.Build.0 = Debug|Any CPU
	EndGlobalSection
	GlobalSection(SolutionProperties) = preSolution
		HideSolutionNode = FALSE
	EndGlobalSection
	GlobalSection(ExtensibilityGlobals) = postSolution
		SolutionGuid = {DA598B61-0485-4AE5-A2EE-7CFEDE2C52EB}
	EndGlobalSection
EndGlobal
